// !$*UTF8*$!
{
	archiveVersion = 1;
	classes = {
	};
	objectVersion = 48;
	objects = {

/* Begin PBXBuildFile section */
		5B174F47203C3E7B0046D2C7 /* StartUpViewController.swift in Sources */ = {isa = PBXBuildFile; fileRef = 5B174F46203C3E7B0046D2C7 /* StartUpViewController.swift */; };
		5B174F49203C4DA10046D2C7 /* RegisterViewController.swift in Sources */ = {isa = PBXBuildFile; fileRef = 5B174F48203C4DA10046D2C7 /* RegisterViewController.swift */; };
		5B25BBA72056A40B001408DF /* ImageStorage.swift in Sources */ = {isa = PBXBuildFile; fileRef = 5B25BBA62056A40B001408DF /* ImageStorage.swift */; };
		5B25BBA92056A5DC001408DF /* CircleImageView.swift in Sources */ = {isa = PBXBuildFile; fileRef = 5B25BBA82056A5DC001408DF /* CircleImageView.swift */; };
		5B25BBAB2056AB7C001408DF /* ParameterRequester.swift in Sources */ = {isa = PBXBuildFile; fileRef = 5B25BBAA2056AB7C001408DF /* ParameterRequester.swift */; };
		5B2C8C662057F3460083FBF6 /* YahooNewsRequester.swift in Sources */ = {isa = PBXBuildFile; fileRef = 5B2C8C652057F3460083FBF6 /* YahooNewsRequester.swift */; };
		5B2C8C682057FF710083FBF6 /* libxml2.tbd in Frameworks */ = {isa = PBXBuildFile; fileRef = 5B2C8C672057FF700083FBF6 /* libxml2.tbd */; };
		5B591F53205A993B0052CADF /* MyPostViewController.swift in Sources */ = {isa = PBXBuildFile; fileRef = 5B591F52205A993B0052CADF /* MyPostViewController.swift */; };
		5B6C1656205BFD7F005A411F /* MyPostTableViewCell.swift in Sources */ = {isa = PBXBuildFile; fileRef = 5B6C1655205BFD7F005A411F /* MyPostTableViewCell.swift */; };
		5B794DC92035C461006BC0CE /* UserRequester.swift in Sources */ = {isa = PBXBuildFile; fileRef = 5B794DC82035C461006BC0CE /* UserRequester.swift */; };
		5B8BBCB22036EF4A00B292E7 /* HttpManager.swift in Sources */ = {isa = PBXBuildFile; fileRef = 5B8BBCB12036EF4A00B292E7 /* HttpManager.swift */; };
		5B9F8EEA2052A7F30072BFC9 /* MatchViewController.swift in Sources */ = {isa = PBXBuildFile; fileRef = 5B9F8EE92052A7F30072BFC9 /* MatchViewController.swift */; };
		5B9F8EEC2052AEED0072BFC9 /* MatchTableViewCell.swift in Sources */ = {isa = PBXBuildFile; fileRef = 5B9F8EEB2052AEED0072BFC9 /* MatchTableViewCell.swift */; };
		5BAC297120458CC5000B61FF /* String+Base64.swift in Sources */ = {isa = PBXBuildFile; fileRef = 5BAC297020458CC4000B61FF /* String+Base64.swift */; };
		5BC6A6D1204973B7006D0590 /* ProfileAddTableViewCell.swift in Sources */ = {isa = PBXBuildFile; fileRef = 5BC6A6D0204973B7006D0590 /* ProfileAddTableViewCell.swift */; };
		5BE222C2203EEF720016B40B /* Loading.xib in Resources */ = {isa = PBXBuildFile; fileRef = 5BE222C1203EEF720016B40B /* Loading.xib */; };
		5BE222C4203EEF890016B40B /* Loading.swift in Sources */ = {isa = PBXBuildFile; fileRef = 5BE222C3203EEF890016B40B /* Loading.swift */; };
		5BE222C6203EF2210016B40B /* AccountRequester.swift in Sources */ = {isa = PBXBuildFile; fileRef = 5BE222C5203EF2210016B40B /* AccountRequester.swift */; };
		5BED6FAD203AFDFD00874884 /* ItemRequester.swift in Sources */ = {isa = PBXBuildFile; fileRef = 5BED6FAC203AFDFD00874884 /* ItemRequester.swift */; };
		5BED6FAF203B014100874884 /* PostRequester.swift in Sources */ = {isa = PBXBuildFile; fileRef = 5BED6FAE203B014100874884 /* PostRequester.swift */; };
		5BF22E9720A5B1DF0054FA11 /* ProfileAddCollectionViewCell.swift in Sources */ = {isa = PBXBuildFile; fileRef = 5BF22E9520A5B1DE0054FA11 /* ProfileAddCollectionViewCell.swift */; };
		5BF22E9820A5B1DF0054FA11 /* CollectionViewFlowLayoutLeftAlign.swift in Sources */ = {isa = PBXBuildFile; fileRef = 5BF22E9620A5B1DF0054FA11 /* CollectionViewFlowLayoutLeftAlign.swift */; };
		5BF22E9A20A5B2160054FA11 /* Assets.xcassets in Resources */ = {isa = PBXBuildFile; fileRef = 5BF22E9920A5B2140054FA11 /* Assets.xcassets */; };
		5BF22E9C20A5B6330054FA11 /* LikeListViewController.swift in Sources */ = {isa = PBXBuildFile; fileRef = 5BF22E9B20A5B6320054FA11 /* LikeListViewController.swift */; };
		BB6BBA0A20176D0E00CC4179 /* LoginViewController.swift in Sources */ = {isa = PBXBuildFile; fileRef = BB6BBA0920176D0E00CC4179 /* LoginViewController.swift */; };
		BB6BBA0F20176D5200CC4179 /* MyPageViewController.swift in Sources */ = {isa = PBXBuildFile; fileRef = BB6BBA0E20176D5100CC4179 /* MyPageViewController.swift */; };
		BB6BBA1120176D5600CC4179 /* TutorialViewController.swift in Sources */ = {isa = PBXBuildFile; fileRef = BB6BBA1020176D5600CC4179 /* TutorialViewController.swift */; };
		BB6BBA1420176D8F00CC4179 /* Constants.swift in Sources */ = {isa = PBXBuildFile; fileRef = BB6BBA1320176D8F00CC4179 /* Constants.swift */; };
		BB6BBA1620176D9700CC4179 /* SaveData.swift in Sources */ = {isa = PBXBuildFile; fileRef = BB6BBA1520176D9700CC4179 /* SaveData.swift */; };
		BB6BBA1920176E6100CC4179 /* UIViewController+Scene.swift in Sources */ = {isa = PBXBuildFile; fileRef = BB6BBA1820176E6100CC4179 /* UIViewController+Scene.swift */; };
		BB6BBA1B20176E8100CC4179 /* UIViewController+Alert.swift in Sources */ = {isa = PBXBuildFile; fileRef = BB6BBA1A20176E8100CC4179 /* UIViewController+Alert.swift */; };
		BB6BBA1D20176EA300CC4179 /* CALayer+Border.swift in Sources */ = {isa = PBXBuildFile; fileRef = BB6BBA1C20176EA300CC4179 /* CALayer+Border.swift */; };
		BB6BBA1F20176FFF00CC4179 /* ProfileViewController.swift in Sources */ = {isa = PBXBuildFile; fileRef = BB6BBA1E20176FFF00CC4179 /* ProfileViewController.swift */; };
		BBD66E29201799450070DFC4 /* KeyboardRespondableViewController.swift in Sources */ = {isa = PBXBuildFile; fileRef = BBD66E28201799450070DFC4 /* KeyboardRespondableViewController.swift */; };
		BBD66E2B201799BB0070DFC4 /* UIView+Frame.swift in Sources */ = {isa = PBXBuildFile; fileRef = BBD66E2A201799BB0070DFC4 /* UIView+Frame.swift */; };
		BBD66E312017A5D10070DFC4 /* ProfileHobbyView.swift in Sources */ = {isa = PBXBuildFile; fileRef = BBD66E302017A5D10070DFC4 /* ProfileHobbyView.swift */; };
		BBD66E332017A5DB0070DFC4 /* ProfileHobbyView.xib in Resources */ = {isa = PBXBuildFile; fileRef = BBD66E322017A5DB0070DFC4 /* ProfileHobbyView.xib */; };
		BBE8920920189DE9004EE765 /* UIColor+Original.swift in Sources */ = {isa = PBXBuildFile; fileRef = BBE8920820189DE9004EE765 /* UIColor+Original.swift */; };
		BBE8920B20189FFC004EE765 /* ProfileAddViewController.swift in Sources */ = {isa = PBXBuildFile; fileRef = BBE8920A20189FFC004EE765 /* ProfileAddViewController.swift */; };
		BBF7B09F20174E0000964E95 /* AppDelegate.swift in Sources */ = {isa = PBXBuildFile; fileRef = BBF7B09E20174E0000964E95 /* AppDelegate.swift */; };
		BBF7B0A420174E0000964E95 /* Main.storyboard in Resources */ = {isa = PBXBuildFile; fileRef = BBF7B0A220174E0000964E95 /* Main.storyboard */; };
		BBF7B0A920174E0000964E95 /* LaunchScreen.storyboard in Resources */ = {isa = PBXBuildFile; fileRef = BBF7B0A720174E0000964E95 /* LaunchScreen.storyboard */; };
		FA901E4062A075EA61155D12 /* Pods_Icchi.framework in Frameworks */ = {isa = PBXBuildFile; fileRef = 900095789B8231EC9494EBD8 /* Pods_Icchi.framework */; };
/* End PBXBuildFile section */

/* Begin PBXFileReference section */
		0625066F3426C500F447EA52 /* Pods-Icchi.release.xcconfig */ = {isa = PBXFileReference; includeInIndex = 1; lastKnownFileType = text.xcconfig; name = "Pods-Icchi.release.xcconfig"; path = "Pods/Target Support Files/Pods-Icchi/Pods-Icchi.release.xcconfig"; sourceTree = "<group>"; };
		5B174F46203C3E7B0046D2C7 /* StartUpViewController.swift */ = {isa = PBXFileReference; lastKnownFileType = sourcecode.swift; path = StartUpViewController.swift; sourceTree = "<group>"; };
		5B174F48203C4DA10046D2C7 /* RegisterViewController.swift */ = {isa = PBXFileReference; lastKnownFileType = sourcecode.swift; path = RegisterViewController.swift; sourceTree = "<group>"; };
		5B25BBA62056A40B001408DF /* ImageStorage.swift */ = {isa = PBXFileReference; fileEncoding = 4; lastKnownFileType = sourcecode.swift; path = ImageStorage.swift; sourceTree = "<group>"; };
		5B25BBA82056A5DC001408DF /* CircleImageView.swift */ = {isa = PBXFileReference; fileEncoding = 4; lastKnownFileType = sourcecode.swift; path = CircleImageView.swift; sourceTree = "<group>"; };
		5B25BBAA2056AB7C001408DF /* ParameterRequester.swift */ = {isa = PBXFileReference; lastKnownFileType = sourcecode.swift; path = ParameterRequester.swift; sourceTree = "<group>"; };
		5B2C8C652057F3460083FBF6 /* YahooNewsRequester.swift */ = {isa = PBXFileReference; lastKnownFileType = sourcecode.swift; path = YahooNewsRequester.swift; sourceTree = "<group>"; };
		5B2C8C672057FF700083FBF6 /* libxml2.tbd */ = {isa = PBXFileReference; lastKnownFileType = "sourcecode.text-based-dylib-definition"; name = libxml2.tbd; path = usr/lib/libxml2.tbd; sourceTree = SDKROOT; };
		5B591F52205A993B0052CADF /* MyPostViewController.swift */ = {isa = PBXFileReference; lastKnownFileType = sourcecode.swift; path = MyPostViewController.swift; sourceTree = "<group>"; };
		5B6C1655205BFD7F005A411F /* MyPostTableViewCell.swift */ = {isa = PBXFileReference; lastKnownFileType = sourcecode.swift; path = MyPostTableViewCell.swift; sourceTree = "<group>"; };
		5B794DC82035C461006BC0CE /* UserRequester.swift */ = {isa = PBXFileReference; lastKnownFileType = sourcecode.swift; path = UserRequester.swift; sourceTree = "<group>"; };
		5B8BBCB12036EF4A00B292E7 /* HttpManager.swift */ = {isa = PBXFileReference; lastKnownFileType = sourcecode.swift; path = HttpManager.swift; sourceTree = "<group>"; };
		5B9F8EE92052A7F30072BFC9 /* MatchViewController.swift */ = {isa = PBXFileReference; lastKnownFileType = sourcecode.swift; path = MatchViewController.swift; sourceTree = "<group>"; };
		5B9F8EEB2052AEED0072BFC9 /* MatchTableViewCell.swift */ = {isa = PBXFileReference; lastKnownFileType = sourcecode.swift; path = MatchTableViewCell.swift; sourceTree = "<group>"; };
		5BAC297020458CC4000B61FF /* String+Base64.swift */ = {isa = PBXFileReference; fileEncoding = 4; lastKnownFileType = sourcecode.swift; path = "String+Base64.swift"; sourceTree = "<group>"; };
		5BC6A6D0204973B7006D0590 /* ProfileAddTableViewCell.swift */ = {isa = PBXFileReference; lastKnownFileType = sourcecode.swift; path = ProfileAddTableViewCell.swift; sourceTree = "<group>"; };
		5BE222C1203EEF720016B40B /* Loading.xib */ = {isa = PBXFileReference; fileEncoding = 4; lastKnownFileType = file.xib; path = Loading.xib; sourceTree = "<group>"; };
		5BE222C3203EEF890016B40B /* Loading.swift */ = {isa = PBXFileReference; fileEncoding = 4; lastKnownFileType = sourcecode.swift; path = Loading.swift; sourceTree = "<group>"; };
		5BE222C5203EF2210016B40B /* AccountRequester.swift */ = {isa = PBXFileReference; lastKnownFileType = sourcecode.swift; path = AccountRequester.swift; sourceTree = "<group>"; };
		5BED6FAC203AFDFD00874884 /* ItemRequester.swift */ = {isa = PBXFileReference; lastKnownFileType = sourcecode.swift; path = ItemRequester.swift; sourceTree = "<group>"; };
		5BED6FAE203B014100874884 /* PostRequester.swift */ = {isa = PBXFileReference; lastKnownFileType = sourcecode.swift; path = PostRequester.swift; sourceTree = "<group>"; };
		5BF22E9520A5B1DE0054FA11 /* ProfileAddCollectionViewCell.swift */ = {isa = PBXFileReference; fileEncoding = 4; lastKnownFileType = sourcecode.swift; name = ProfileAddCollectionViewCell.swift; path = icchi/View/Profile/ProfileAddCollectionViewCell.swift; sourceTree = SOURCE_ROOT; };
		5BF22E9620A5B1DF0054FA11 /* CollectionViewFlowLayoutLeftAlign.swift */ = {isa = PBXFileReference; fileEncoding = 4; lastKnownFileType = sourcecode.swift; name = CollectionViewFlowLayoutLeftAlign.swift; path = icchi/View/Profile/CollectionViewFlowLayoutLeftAlign.swift; sourceTree = SOURCE_ROOT; };
		5BF22E9920A5B2140054FA11 /* Assets.xcassets */ = {isa = PBXFileReference; lastKnownFileType = folder.assetcatalog; name = Assets.xcassets; path = icchi/Assets.xcassets; sourceTree = SOURCE_ROOT; };
		5BF22E9B20A5B6320054FA11 /* LikeListViewController.swift */ = {isa = PBXFileReference; fileEncoding = 4; lastKnownFileType = sourcecode.swift; name = LikeListViewController.swift; path = icchi/View/Tutorial/LikeListViewController.swift; sourceTree = SOURCE_ROOT; };
		7CBF87828A2E52901754E087 /* Pods-Icchi.debug.xcconfig */ = {isa = PBXFileReference; includeInIndex = 1; lastKnownFileType = text.xcconfig; name = "Pods-Icchi.debug.xcconfig"; path = "Pods/Target Support Files/Pods-Icchi/Pods-Icchi.debug.xcconfig"; sourceTree = "<group>"; };
		900095789B8231EC9494EBD8 /* Pods_Icchi.framework */ = {isa = PBXFileReference; explicitFileType = wrapper.framework; includeInIndex = 0; path = Pods_Icchi.framework; sourceTree = BUILT_PRODUCTS_DIR; };
		BB6BBA0920176D0E00CC4179 /* LoginViewController.swift */ = {isa = PBXFileReference; fileEncoding = 4; lastKnownFileType = sourcecode.swift; path = LoginViewController.swift; sourceTree = "<group>"; };
		BB6BBA0E20176D5100CC4179 /* MyPageViewController.swift */ = {isa = PBXFileReference; fileEncoding = 4; lastKnownFileType = sourcecode.swift; path = MyPageViewController.swift; sourceTree = "<group>"; };
		BB6BBA1020176D5600CC4179 /* TutorialViewController.swift */ = {isa = PBXFileReference; fileEncoding = 4; lastKnownFileType = sourcecode.swift; path = TutorialViewController.swift; sourceTree = "<group>"; };
		BB6BBA1320176D8F00CC4179 /* Constants.swift */ = {isa = PBXFileReference; lastKnownFileType = sourcecode.swift; path = Constants.swift; sourceTree = "<group>"; };
		BB6BBA1520176D9700CC4179 /* SaveData.swift */ = {isa = PBXFileReference; lastKnownFileType = sourcecode.swift; path = SaveData.swift; sourceTree = "<group>"; };
		BB6BBA1820176E6100CC4179 /* UIViewController+Scene.swift */ = {isa = PBXFileReference; lastKnownFileType = sourcecode.swift; path = "UIViewController+Scene.swift"; sourceTree = "<group>"; };
		BB6BBA1A20176E8100CC4179 /* UIViewController+Alert.swift */ = {isa = PBXFileReference; lastKnownFileType = sourcecode.swift; path = "UIViewController+Alert.swift"; sourceTree = "<group>"; };
		BB6BBA1C20176EA300CC4179 /* CALayer+Border.swift */ = {isa = PBXFileReference; lastKnownFileType = sourcecode.swift; path = "CALayer+Border.swift"; sourceTree = "<group>"; };
		BB6BBA1E20176FFF00CC4179 /* ProfileViewController.swift */ = {isa = PBXFileReference; fileEncoding = 4; lastKnownFileType = sourcecode.swift; path = ProfileViewController.swift; sourceTree = "<group>"; };
		BBD66E28201799450070DFC4 /* KeyboardRespondableViewController.swift */ = {isa = PBXFileReference; lastKnownFileType = sourcecode.swift; path = KeyboardRespondableViewController.swift; sourceTree = "<group>"; };
		BBD66E2A201799BB0070DFC4 /* UIView+Frame.swift */ = {isa = PBXFileReference; lastKnownFileType = sourcecode.swift; path = "UIView+Frame.swift"; sourceTree = "<group>"; };
		BBD66E302017A5D10070DFC4 /* ProfileHobbyView.swift */ = {isa = PBXFileReference; lastKnownFileType = sourcecode.swift; path = ProfileHobbyView.swift; sourceTree = "<group>"; };
		BBD66E322017A5DB0070DFC4 /* ProfileHobbyView.xib */ = {isa = PBXFileReference; lastKnownFileType = file.xib; path = ProfileHobbyView.xib; sourceTree = "<group>"; };
		BBE8920820189DE9004EE765 /* UIColor+Original.swift */ = {isa = PBXFileReference; lastKnownFileType = sourcecode.swift; path = "UIColor+Original.swift"; sourceTree = "<group>"; };
		BBE8920A20189FFC004EE765 /* ProfileAddViewController.swift */ = {isa = PBXFileReference; lastKnownFileType = sourcecode.swift; path = ProfileAddViewController.swift; sourceTree = "<group>"; };
		BBF7B09B20174E0000964E95 /* Icchi.app */ = {isa = PBXFileReference; explicitFileType = wrapper.application; includeInIndex = 0; path = Icchi.app; sourceTree = BUILT_PRODUCTS_DIR; };
		BBF7B09E20174E0000964E95 /* AppDelegate.swift */ = {isa = PBXFileReference; lastKnownFileType = sourcecode.swift; path = AppDelegate.swift; sourceTree = "<group>"; };
		BBF7B0A320174E0000964E95 /* Base */ = {isa = PBXFileReference; lastKnownFileType = file.storyboard; name = Base; path = Base.lproj/Main.storyboard; sourceTree = "<group>"; };
		BBF7B0A820174E0000964E95 /* Base */ = {isa = PBXFileReference; lastKnownFileType = file.storyboard; name = Base; path = Base.lproj/LaunchScreen.storyboard; sourceTree = "<group>"; };
		BBF7B0AA20174E0000964E95 /* Info.plist */ = {isa = PBXFileReference; lastKnownFileType = text.plist.xml; path = Info.plist; sourceTree = "<group>"; };
/* End PBXFileReference section */

/* Begin PBXFrameworksBuildPhase section */
		BBF7B09820174E0000964E95 /* Frameworks */ = {
			isa = PBXFrameworksBuildPhase;
			buildActionMask = 2147483647;
			files = (
				5B2C8C682057FF710083FBF6 /* libxml2.tbd in Frameworks */,
				FA901E4062A075EA61155D12 /* Pods_Icchi.framework in Frameworks */,
			);
			runOnlyForDeploymentPostprocessing = 0;
		};
/* End PBXFrameworksBuildPhase section */

/* Begin PBXGroup section */
		5B174F45203C3E5B0046D2C7 /* StartUp */ = {
			isa = PBXGroup;
			children = (
				5B174F46203C3E7B0046D2C7 /* StartUpViewController.swift */,
			);
			path = StartUp;
			sourceTree = "<group>";
		};
		5B2C8C642057F32A0083FBF6 /* External */ = {
			isa = PBXGroup;
			children = (
				5B2C8C652057F3460083FBF6 /* YahooNewsRequester.swift */,
			);
			path = External;
			sourceTree = "<group>";
		};
		5B591F51205A98B60052CADF /* MyPost */ = {
			isa = PBXGroup;
			children = (
				5B591F52205A993B0052CADF /* MyPostViewController.swift */,
				5B6C1655205BFD7F005A411F /* MyPostTableViewCell.swift */,
			);
			path = MyPost;
			sourceTree = "<group>";
		};
		5B794DC62035C42B006BC0CE /* Http */ = {
			isa = PBXGroup;
			children = (
				5B2C8C642057F32A0083FBF6 /* External */,
				5B794DC72035C438006BC0CE /* Requester */,
				5B8BBCB12036EF4A00B292E7 /* HttpManager.swift */,
			);
			path = Http;
			sourceTree = "<group>";
		};
		5B794DC72035C438006BC0CE /* Requester */ = {
			isa = PBXGroup;
			children = (
				5B794DC82035C461006BC0CE /* UserRequester.swift */,
				5BED6FAC203AFDFD00874884 /* ItemRequester.swift */,
				5BED6FAE203B014100874884 /* PostRequester.swift */,
				5BE222C5203EF2210016B40B /* AccountRequester.swift */,
				5B25BBAA2056AB7C001408DF /* ParameterRequester.swift */,
			);
			path = Requester;
			sourceTree = "<group>";
		};
		5B9F8EE82052A7AC0072BFC9 /* Match */ = {
			isa = PBXGroup;
			children = (
				5B9F8EE92052A7F30072BFC9 /* MatchViewController.swift */,
				5B9F8EEB2052AEED0072BFC9 /* MatchTableViewCell.swift */,
			);
			path = Match;
			sourceTree = "<group>";
		};
		5BE222C0203EEF410016B40B /* Loading */ = {
			isa = PBXGroup;
			children = (
				5BE222C3203EEF890016B40B /* Loading.swift */,
				5BE222C1203EEF720016B40B /* Loading.xib */,
			);
			path = Loading;
			sourceTree = "<group>";
		};
		A3F3080DC56C370394B60365 /* Frameworks */ = {
			isa = PBXGroup;
			children = (
				5B2C8C672057FF700083FBF6 /* libxml2.tbd */,
				900095789B8231EC9494EBD8 /* Pods_Icchi.framework */,
			);
			name = Frameworks;
			sourceTree = "<group>";
		};
		BB6BBA0720176CEB00CC4179 /* View */ = {
			isa = PBXGroup;
			children = (
				5B174F45203C3E5B0046D2C7 /* StartUp */,
				BB6BBA0820176CF100CC4179 /* Login */,
				BB6BBA0C20176D3000CC4179 /* Tutorial */,
				BB6BBA0B20176D1D00CC4179 /* MyPage */,
				BB6BBA0D20176D4600CC4179 /* Profile */,
				5B9F8EE82052A7AC0072BFC9 /* Match */,
				5B591F51205A98B60052CADF /* MyPost */,
				BBD66E27201799300070DFC4 /* Common */,
				5BE222C0203EEF410016B40B /* Loading */,
			);
			path = View;
			sourceTree = "<group>";
		};
		BB6BBA0820176CF100CC4179 /* Login */ = {
			isa = PBXGroup;
			children = (
				BB6BBA0920176D0E00CC4179 /* LoginViewController.swift */,
				5B174F48203C4DA10046D2C7 /* RegisterViewController.swift */,
			);
			path = Login;
			sourceTree = "<group>";
		};
		BB6BBA0B20176D1D00CC4179 /* MyPage */ = {
			isa = PBXGroup;
			children = (
				BB6BBA0E20176D5100CC4179 /* MyPageViewController.swift */,
			);
			path = MyPage;
			sourceTree = "<group>";
		};
		BB6BBA0C20176D3000CC4179 /* Tutorial */ = {
			isa = PBXGroup;
			children = (
				5BF22E9B20A5B6320054FA11 /* LikeListViewController.swift */,
				BB6BBA1020176D5600CC4179 /* TutorialViewController.swift */,
			);
			path = Tutorial;
			sourceTree = "<group>";
		};
		BB6BBA0D20176D4600CC4179 /* Profile */ = {
			isa = PBXGroup;
			children = (
				5BF22E9620A5B1DF0054FA11 /* CollectionViewFlowLayoutLeftAlign.swift */,
				5BF22E9520A5B1DE0054FA11 /* ProfileAddCollectionViewCell.swift */,
				BB6BBA1E20176FFF00CC4179 /* ProfileViewController.swift */,
				BBD66E302017A5D10070DFC4 /* ProfileHobbyView.swift */,
				BBD66E322017A5DB0070DFC4 /* ProfileHobbyView.xib */,
				BBE8920A20189FFC004EE765 /* ProfileAddViewController.swift */,
				5BC6A6D0204973B7006D0590 /* ProfileAddTableViewCell.swift */,
			);
			path = Profile;
			sourceTree = "<group>";
		};
		BB6BBA1220176D7C00CC4179 /* Function */ = {
			isa = PBXGroup;
			children = (
				BB6BBA1320176D8F00CC4179 /* Constants.swift */,
				BB6BBA1520176D9700CC4179 /* SaveData.swift */,
				5B25BBA82056A5DC001408DF /* CircleImageView.swift */,
				5B25BBA62056A40B001408DF /* ImageStorage.swift */,
			);
			path = Function;
			sourceTree = "<group>";
		};
		BB6BBA1720176E4A00CC4179 /* Extension */ = {
			isa = PBXGroup;
			children = (
				5BAC297020458CC4000B61FF /* String+Base64.swift */,
				BB6BBA1820176E6100CC4179 /* UIViewController+Scene.swift */,
				BB6BBA1A20176E8100CC4179 /* UIViewController+Alert.swift */,
				BB6BBA1C20176EA300CC4179 /* CALayer+Border.swift */,
				BBD66E2A201799BB0070DFC4 /* UIView+Frame.swift */,
				BBE8920820189DE9004EE765 /* UIColor+Original.swift */,
			);
			path = Extension;
			sourceTree = "<group>";
		};
		BBB5D3C66F108D057A90E1E4 /* Pods */ = {
			isa = PBXGroup;
			children = (
				7CBF87828A2E52901754E087 /* Pods-Icchi.debug.xcconfig */,
				0625066F3426C500F447EA52 /* Pods-Icchi.release.xcconfig */,
			);
			name = Pods;
			sourceTree = "<group>";
		};
		BBD66E27201799300070DFC4 /* Common */ = {
			isa = PBXGroup;
			children = (
				BBD66E28201799450070DFC4 /* KeyboardRespondableViewController.swift */,
			);
			path = Common;
			sourceTree = "<group>";
		};
		BBF7B09220174E0000964E95 = {
			isa = PBXGroup;
			children = (
				BBF7B09D20174E0000964E95 /* Icchi */,
				BBF7B09C20174E0000964E95 /* Products */,
				BBB5D3C66F108D057A90E1E4 /* Pods */,
				A3F3080DC56C370394B60365 /* Frameworks */,
			);
			sourceTree = "<group>";
		};
		BBF7B09C20174E0000964E95 /* Products */ = {
			isa = PBXGroup;
			children = (
				BBF7B09B20174E0000964E95 /* Icchi.app */,
			);
			name = Products;
			sourceTree = "<group>";
		};
		BBF7B09D20174E0000964E95 /* Icchi */ = {
			isa = PBXGroup;
			children = (
				BBF7B09E20174E0000964E95 /* AppDelegate.swift */,
				BB6BBA0720176CEB00CC4179 /* View */,
				5B794DC62035C42B006BC0CE /* Http */,
				BB6BBA1220176D7C00CC4179 /* Function */,
				BB6BBA1720176E4A00CC4179 /* Extension */,
				5BF22E9920A5B2140054FA11 /* Assets.xcassets */,
				BBF7B0A220174E0000964E95 /* Main.storyboard */,
				BBF7B0A720174E0000964E95 /* LaunchScreen.storyboard */,
				BBF7B0AA20174E0000964E95 /* Info.plist */,
			);
			path = Icchi;
			sourceTree = "<group>";
		};
/* End PBXGroup section */

/* Begin PBXNativeTarget section */
		BBF7B09A20174E0000964E95 /* Icchi */ = {
			isa = PBXNativeTarget;
			buildConfigurationList = BBF7B0AD20174E0000964E95 /* Build configuration list for PBXNativeTarget "Icchi" */;
			buildPhases = (
				4433468774780AEDA1EF9C53 /* [CP] Check Pods Manifest.lock */,
				BBF7B09720174E0000964E95 /* Sources */,
				BBF7B09820174E0000964E95 /* Frameworks */,
				BBF7B09920174E0000964E95 /* Resources */,
				FDD6705B46D76AA96A118151 /* [CP] Embed Pods Frameworks */,
				10FE6EE3406076B5B1D64F91 /* [CP] Copy Pods Resources */,
			);
			buildRules = (
			);
			dependencies = (
			);
			name = Icchi;
			productName = Icchi;
			productReference = BBF7B09B20174E0000964E95 /* Icchi.app */;
			productType = "com.apple.product-type.application";
		};
/* End PBXNativeTarget section */

/* Begin PBXProject section */
		BBF7B09320174E0000964E95 /* Project object */ = {
			isa = PBXProject;
			attributes = {
				LastSwiftUpdateCheck = 0910;
				LastUpgradeCheck = 0910;
				ORGANIZATIONNAME = "Leapfrog-Inc";
				TargetAttributes = {
					BBF7B09A20174E0000964E95 = {
						CreatedOnToolsVersion = 9.1;
						ProvisioningStyle = Manual;
					};
				};
			};
			buildConfigurationList = BBF7B09620174E0000964E95 /* Build configuration list for PBXProject "Icchi" */;
			compatibilityVersion = "Xcode 8.0";
			developmentRegion = en;
			hasScannedForEncodings = 0;
			knownRegions = (
				en,
				Base,
			);
			mainGroup = BBF7B09220174E0000964E95;
			productRefGroup = BBF7B09C20174E0000964E95 /* Products */;
			projectDirPath = "";
			projectRoot = "";
			targets = (
				BBF7B09A20174E0000964E95 /* Icchi */,
			);
		};
/* End PBXProject section */

/* Begin PBXResourcesBuildPhase section */
		BBF7B09920174E0000964E95 /* Resources */ = {
			isa = PBXResourcesBuildPhase;
			buildActionMask = 2147483647;
			files = (
				BBF7B0A920174E0000964E95 /* LaunchScreen.storyboard in Resources */,
				5BE222C2203EEF720016B40B /* Loading.xib in Resources */,
				BBD66E332017A5DB0070DFC4 /* ProfileHobbyView.xib in Resources */,
				BBF7B0A420174E0000964E95 /* Main.storyboard in Resources */,
				5BF22E9A20A5B2160054FA11 /* Assets.xcassets in Resources */,
			);
			runOnlyForDeploymentPostprocessing = 0;
		};
/* End PBXResourcesBuildPhase section */

/* Begin PBXShellScriptBuildPhase section */
		10FE6EE3406076B5B1D64F91 /* [CP] Copy Pods Resources */ = {
			isa = PBXShellScriptBuildPhase;
			buildActionMask = 2147483647;
			files = (
			);
			inputPaths = (
			);
			name = "[CP] Copy Pods Resources";
			outputPaths = (
			);
			runOnlyForDeploymentPostprocessing = 0;
			shellPath = /bin/sh;
			shellScript = "\"${SRCROOT}/Pods/Target Support Files/Pods-Icchi/Pods-Icchi-resources.sh\"\n";
			showEnvVarsInLog = 0;
		};
		4433468774780AEDA1EF9C53 /* [CP] Check Pods Manifest.lock */ = {
			isa = PBXShellScriptBuildPhase;
			buildActionMask = 2147483647;
			files = (
			);
			inputPaths = (
			);
			name = "[CP] Check Pods Manifest.lock";
			outputPaths = (
			);
			runOnlyForDeploymentPostprocessing = 0;
			shellPath = /bin/sh;
			shellScript = "diff \"${PODS_PODFILE_DIR_PATH}/Podfile.lock\" \"${PODS_ROOT}/Manifest.lock\" > /dev/null\nif [ $? != 0 ] ; then\n    # print error to STDERR\n    echo \"error: The sandbox is not in sync with the Podfile.lock. Run 'pod install' or update your CocoaPods installation.\" >&2\n    exit 1\nfi\n";
			showEnvVarsInLog = 0;
		};
		FDD6705B46D76AA96A118151 /* [CP] Embed Pods Frameworks */ = {
			isa = PBXShellScriptBuildPhase;
			buildActionMask = 2147483647;
			files = (
			);
			inputPaths = (
			);
			name = "[CP] Embed Pods Frameworks";
			outputPaths = (
			);
			runOnlyForDeploymentPostprocessing = 0;
			shellPath = /bin/sh;
			shellScript = "\"${SRCROOT}/Pods/Target Support Files/Pods-Icchi/Pods-Icchi-frameworks.sh\"\n";
			showEnvVarsInLog = 0;
		};
/* End PBXShellScriptBuildPhase section */

/* Begin PBXSourcesBuildPhase section */
		BBF7B09720174E0000964E95 /* Sources */ = {
			isa = PBXSourcesBuildPhase;
			buildActionMask = 2147483647;
			files = (
				5B591F53205A993B0052CADF /* MyPostViewController.swift in Sources */,
				5BED6FAD203AFDFD00874884 /* ItemRequester.swift in Sources */,
				5B25BBA72056A40B001408DF /* ImageStorage.swift in Sources */,
				5B174F49203C4DA10046D2C7 /* RegisterViewController.swift in Sources */,
				5BAC297120458CC5000B61FF /* String+Base64.swift in Sources */,
				BB6BBA1420176D8F00CC4179 /* Constants.swift in Sources */,
				BB6BBA0A20176D0E00CC4179 /* LoginViewController.swift in Sources */,
				BBE8920920189DE9004EE765 /* UIColor+Original.swift in Sources */,
				5BED6FAF203B014100874884 /* PostRequester.swift in Sources */,
				5B8BBCB22036EF4A00B292E7 /* HttpManager.swift in Sources */,
				BB6BBA1F20176FFF00CC4179 /* ProfileViewController.swift in Sources */,
				BB6BBA1620176D9700CC4179 /* SaveData.swift in Sources */,
				5BF22E9720A5B1DF0054FA11 /* ProfileAddCollectionViewCell.swift in Sources */,
				BBE8920B20189FFC004EE765 /* ProfileAddViewController.swift in Sources */,
				5BE222C4203EEF890016B40B /* Loading.swift in Sources */,
				5BF22E9C20A5B6330054FA11 /* LikeListViewController.swift in Sources */,
				BB6BBA1120176D5600CC4179 /* TutorialViewController.swift in Sources */,
				BB6BBA1D20176EA300CC4179 /* CALayer+Border.swift in Sources */,
				5B25BBA92056A5DC001408DF /* CircleImageView.swift in Sources */,
				5B9F8EEA2052A7F30072BFC9 /* MatchViewController.swift in Sources */,
				BBF7B09F20174E0000964E95 /* AppDelegate.swift in Sources */,
				5B25BBAB2056AB7C001408DF /* ParameterRequester.swift in Sources */,
				5BE222C6203EF2210016B40B /* AccountRequester.swift in Sources */,
				BB6BBA1920176E6100CC4179 /* UIViewController+Scene.swift in Sources */,
				5BC6A6D1204973B7006D0590 /* ProfileAddTableViewCell.swift in Sources */,
				BBD66E2B201799BB0070DFC4 /* UIView+Frame.swift in Sources */,
				BB6BBA0F20176D5200CC4179 /* MyPageViewController.swift in Sources */,
				BB6BBA1B20176E8100CC4179 /* UIViewController+Alert.swift in Sources */,
				5B2C8C662057F3460083FBF6 /* YahooNewsRequester.swift in Sources */,
				5B9F8EEC2052AEED0072BFC9 /* MatchTableViewCell.swift in Sources */,
				5B794DC92035C461006BC0CE /* UserRequester.swift in Sources */,
				BBD66E29201799450070DFC4 /* KeyboardRespondableViewController.swift in Sources */,
				5B6C1656205BFD7F005A411F /* MyPostTableViewCell.swift in Sources */,
				5BF22E9820A5B1DF0054FA11 /* CollectionViewFlowLayoutLeftAlign.swift in Sources */,
				5B174F47203C3E7B0046D2C7 /* StartUpViewController.swift in Sources */,
				BBD66E312017A5D10070DFC4 /* ProfileHobbyView.swift in Sources */,
			);
			runOnlyForDeploymentPostprocessing = 0;
		};
/* End PBXSourcesBuildPhase section */

/* Begin PBXVariantGroup section */
		BBF7B0A220174E0000964E95 /* Main.storyboard */ = {
			isa = PBXVariantGroup;
			children = (
				BBF7B0A320174E0000964E95 /* Base */,
			);
			name = Main.storyboard;
			sourceTree = "<group>";
		};
		BBF7B0A720174E0000964E95 /* LaunchScreen.storyboard */ = {
			isa = PBXVariantGroup;
			children = (
				BBF7B0A820174E0000964E95 /* Base */,
			);
			name = LaunchScreen.storyboard;
			sourceTree = "<group>";
		};
/* End PBXVariantGroup section */

/* Begin XCBuildConfiguration section */
		BBF7B0AB20174E0000964E95 /* Debug */ = {
			isa = XCBuildConfiguration;
			buildSettings = {
				ALWAYS_SEARCH_USER_PATHS = NO;
				CLANG_ANALYZER_NONNULL = YES;
				CLANG_ANALYZER_NUMBER_OBJECT_CONVERSION = YES_AGGRESSIVE;
				CLANG_CXX_LANGUAGE_STANDARD = "gnu++14";
				CLANG_CXX_LIBRARY = "libc++";
				CLANG_ENABLE_MODULES = YES;
				CLANG_ENABLE_OBJC_ARC = YES;
				CLANG_WARN_BLOCK_CAPTURE_AUTORELEASING = YES;
				CLANG_WARN_BOOL_CONVERSION = YES;
				CLANG_WARN_COMMA = YES;
				CLANG_WARN_CONSTANT_CONVERSION = YES;
				CLANG_WARN_DIRECT_OBJC_ISA_USAGE = YES_ERROR;
				CLANG_WARN_DOCUMENTATION_COMMENTS = YES;
				CLANG_WARN_EMPTY_BODY = YES;
				CLANG_WARN_ENUM_CONVERSION = YES;
				CLANG_WARN_INFINITE_RECURSION = YES;
				CLANG_WARN_INT_CONVERSION = YES;
				CLANG_WARN_NON_LITERAL_NULL_CONVERSION = YES;
				CLANG_WARN_OBJC_LITERAL_CONVERSION = YES;
				CLANG_WARN_OBJC_ROOT_CLASS = YES_ERROR;
				CLANG_WARN_RANGE_LOOP_ANALYSIS = YES;
				CLANG_WARN_STRICT_PROTOTYPES = YES;
				CLANG_WARN_SUSPICIOUS_MOVE = YES;
				CLANG_WARN_UNGUARDED_AVAILABILITY = YES_AGGRESSIVE;
				CLANG_WARN_UNREACHABLE_CODE = YES;
				CLANG_WARN__DUPLICATE_METHOD_MATCH = YES;
				CODE_SIGN_IDENTITY = "iPhone Developer";
				COPY_PHASE_STRIP = NO;
				DEBUG_INFORMATION_FORMAT = dwarf;
				ENABLE_STRICT_OBJC_MSGSEND = YES;
				ENABLE_TESTABILITY = YES;
				GCC_C_LANGUAGE_STANDARD = gnu11;
				GCC_DYNAMIC_NO_PIC = NO;
				GCC_NO_COMMON_BLOCKS = YES;
				GCC_OPTIMIZATION_LEVEL = 0;
				GCC_PREPROCESSOR_DEFINITIONS = (
					"DEBUG=1",
					"$(inherited)",
				);
				GCC_WARN_64_TO_32_BIT_CONVERSION = YES;
				GCC_WARN_ABOUT_RETURN_TYPE = YES_ERROR;
				GCC_WARN_UNDECLARED_SELECTOR = YES;
				GCC_WARN_UNINITIALIZED_AUTOS = YES_AGGRESSIVE;
				GCC_WARN_UNUSED_FUNCTION = YES;
				GCC_WARN_UNUSED_VARIABLE = YES;
				IPHONEOS_DEPLOYMENT_TARGET = 11.1;
				MTL_ENABLE_DEBUG_INFO = YES;
				ONLY_ACTIVE_ARCH = YES;
				SDKROOT = iphoneos;
				SWIFT_ACTIVE_COMPILATION_CONDITIONS = DEBUG;
				SWIFT_OPTIMIZATION_LEVEL = "-Onone";
			};
			name = Debug;
		};
		BBF7B0AC20174E0000964E95 /* Release */ = {
			isa = XCBuildConfiguration;
			buildSettings = {
				ALWAYS_SEARCH_USER_PATHS = NO;
				CLANG_ANALYZER_NONNULL = YES;
				CLANG_ANALYZER_NUMBER_OBJECT_CONVERSION = YES_AGGRESSIVE;
				CLANG_CXX_LANGUAGE_STANDARD = "gnu++14";
				CLANG_CXX_LIBRARY = "libc++";
				CLANG_ENABLE_MODULES = YES;
				CLANG_ENABLE_OBJC_ARC = YES;
				CLANG_WARN_BLOCK_CAPTURE_AUTORELEASING = YES;
				CLANG_WARN_BOOL_CONVERSION = YES;
				CLANG_WARN_COMMA = YES;
				CLANG_WARN_CONSTANT_CONVERSION = YES;
				CLANG_WARN_DIRECT_OBJC_ISA_USAGE = YES_ERROR;
				CLANG_WARN_DOCUMENTATION_COMMENTS = YES;
				CLANG_WARN_EMPTY_BODY = YES;
				CLANG_WARN_ENUM_CONVERSION = YES;
				CLANG_WARN_INFINITE_RECURSION = YES;
				CLANG_WARN_INT_CONVERSION = YES;
				CLANG_WARN_NON_LITERAL_NULL_CONVERSION = YES;
				CLANG_WARN_OBJC_LITERAL_CONVERSION = YES;
				CLANG_WARN_OBJC_ROOT_CLASS = YES_ERROR;
				CLANG_WARN_RANGE_LOOP_ANALYSIS = YES;
				CLANG_WARN_STRICT_PROTOTYPES = YES;
				CLANG_WARN_SUSPICIOUS_MOVE = YES;
				CLANG_WARN_UNGUARDED_AVAILABILITY = YES_AGGRESSIVE;
				CLANG_WARN_UNREACHABLE_CODE = YES;
				CLANG_WARN__DUPLICATE_METHOD_MATCH = YES;
				CODE_SIGN_IDENTITY = "iPhone Developer";
				COPY_PHASE_STRIP = NO;
				DEBUG_INFORMATION_FORMAT = "dwarf-with-dsym";
				ENABLE_NS_ASSERTIONS = NO;
				ENABLE_STRICT_OBJC_MSGSEND = YES;
				GCC_C_LANGUAGE_STANDARD = gnu11;
				GCC_NO_COMMON_BLOCKS = YES;
				GCC_WARN_64_TO_32_BIT_CONVERSION = YES;
				GCC_WARN_ABOUT_RETURN_TYPE = YES_ERROR;
				GCC_WARN_UNDECLARED_SELECTOR = YES;
				GCC_WARN_UNINITIALIZED_AUTOS = YES_AGGRESSIVE;
				GCC_WARN_UNUSED_FUNCTION = YES;
				GCC_WARN_UNUSED_VARIABLE = YES;
				IPHONEOS_DEPLOYMENT_TARGET = 11.1;
				MTL_ENABLE_DEBUG_INFO = NO;
				SDKROOT = iphoneos;
				SWIFT_OPTIMIZATION_LEVEL = "-Owholemodule";
				VALIDATE_PRODUCT = YES;
			};
			name = Release;
		};
		BBF7B0AE20174E0000964E95 /* Debug */ = {
			isa = XCBuildConfiguration;
			baseConfigurationReference = 7CBF87828A2E52901754E087 /* Pods-Icchi.debug.xcconfig */;
			buildSettings = {
				ASSETCATALOG_COMPILER_APPICON_NAME = AppIcon;
				CODE_SIGN_STYLE = Manual;
				DEVELOPMENT_TEAM = E7F6AQV7VX;
				FRAMEWORK_SEARCH_PATHS = (
					"$(inherited)",
					"$(PROJECT_DIR)/Icchi/Library",
				);
				INFOPLIST_FILE = Icchi/Info.plist;
				IPHONEOS_DEPLOYMENT_TARGET = 10.0;
				LD_RUNPATH_SEARCH_PATHS = "$(inherited) @executable_path/Frameworks";
				PRODUCT_BUNDLE_IDENTIFIER = "Leapfrog-Inc.Icchi";
				PRODUCT_NAME = "$(TARGET_NAME)";
				PROVISIONING_PROFILE = "83e429f3-2097-4014-a669-fbebc3713b3b";
				PROVISIONING_PROFILE_SPECIFIER = "Icchi-dev-20180123";
				SWIFT_VERSION = 4.0;
				TARGETED_DEVICE_FAMILY = 1;
			};
			name = Debug;
		};
		BBF7B0AF20174E0000964E95 /* Release */ = {
			isa = XCBuildConfiguration;
			baseConfigurationReference = 0625066F3426C500F447EA52 /* Pods-Icchi.release.xcconfig */;
			buildSettings = {
				ASSETCATALOG_COMPILER_APPICON_NAME = AppIcon;
				CODE_SIGN_IDENTITY = "iPhone Distribution";
				CODE_SIGN_STYLE = Manual;
				DEVELOPMENT_TEAM = E7F6AQV7VX;
				FRAMEWORK_SEARCH_PATHS = (
					"$(inherited)",
					"$(PROJECT_DIR)/Icchi/Library",
				);
				INFOPLIST_FILE = Icchi/Info.plist;
				IPHONEOS_DEPLOYMENT_TARGET = 10.0;
				LD_RUNPATH_SEARCH_PATHS = "$(inherited) @executable_path/Frameworks";
				PRODUCT_BUNDLE_IDENTIFIER = "Leapfrog-Inc.Icchi";
				PRODUCT_NAME = "$(TARGET_NAME)";
				PROVISIONING_PROFILE = "f943ce3b-8a16-455c-9c34-b53ef8e08c69";
				PROVISIONING_PROFILE_SPECIFIER = "Icchi-adhoc-20180502";
				SWIFT_VERSION = 4.0;
				TARGETED_DEVICE_FAMILY = 1;
			};
			name = Release;
		};
/* End XCBuildConfiguration section */

/* Begin XCConfigurationList section */
		BBF7B09620174E0000964E95 /* Build configuration list for PBXProject "Icchi" */ = {
			isa = XCConfigurationList;
			buildConfigurations = (
				BBF7B0AB20174E0000964E95 /* Debug */,
				BBF7B0AC20174E0000964E95 /* Release */,
			);
			defaultConfigurationIsVisible = 0;
			defaultConfigurationName = Release;
		};
		BBF7B0AD20174E0000964E95 /* Build configuration list for PBXNativeTarget "Icchi" */ = {
			isa = XCConfigurationList;
			buildConfigurations = (
				BBF7B0AE20174E0000964E95 /* Debug */,
				BBF7B0AF20174E0000964E95 /* Release */,
			);
			defaultConfigurationIsVisible = 0;
			defaultConfigurationName = Release;
		};
/* End XCConfigurationList section */
	};
	rootObject = BBF7B09320174E0000964E95 /* Project object */;
}
